# Code generated by scarb DO NOT EDIT.
version = 1

[[package]]
name = "alexandria_data_structures"
version = "0.2.0"
source = "git+https://github.com/keep-starknet-strange/alexandria.git?rev=cairo-v2.5.4#e7b69575f92076e96a83a76efa6bed3c32a15f9f"
dependencies = [
 "alexandria_encoding",
]

[[package]]
name = "alexandria_encoding"
version = "0.1.0"
source = "git+https://github.com/keep-starknet-strange/alexandria.git?rev=cairo-v2.5.4#e7b69575f92076e96a83a76efa6bed3c32a15f9f"
dependencies = [
 "alexandria_math",
 "alexandria_numeric",
]

[[package]]
name = "alexandria_math"
version = "0.2.0"
source = "git+https://github.com/keep-starknet-strange/alexandria.git?rev=cairo-v2.5.4#e7b69575f92076e96a83a76efa6bed3c32a15f9f"
dependencies = [
 "alexandria_data_structures",
]

[[package]]
name = "alexandria_numeric"
version = "0.1.0"
source = "git+https://github.com/keep-starknet-strange/alexandria.git?rev=cairo-v2.5.4#e7b69575f92076e96a83a76efa6bed3c32a15f9f"
dependencies = [
 "alexandria_math",
]

[[package]]
name = "ekubo"
version = "0.1.0"
source = "git+https://github.com/EkuboProtocol/abis.git?branch=main#edb6de8c9baf515f1053bbab3d86825d54a63bc3"

[[package]]
name = "openzeppelin"
version = "0.16.0"
source = "git+https://github.com/OpenZeppelin/cairo-contracts.git?tag=v0.16.0#ba00ce76a93dcf25c081ab2698da20690b5a1cfb"
dependencies = [
 "openzeppelin_access",
 "openzeppelin_account",
 "openzeppelin_governance",
 "openzeppelin_introspection",
 "openzeppelin_merkle_tree",
 "openzeppelin_presets",
 "openzeppelin_security",
 "openzeppelin_token",
 "openzeppelin_upgrades",
 "openzeppelin_utils",
]

[[package]]
name = "openzeppelin_access"
version = "0.16.0"
source = "git+https://github.com/OpenZeppelin/cairo-contracts.git?tag=v0.16.0#ba00ce76a93dcf25c081ab2698da20690b5a1cfb"
dependencies = [
 "openzeppelin_introspection",
 "openzeppelin_utils",
]

[[package]]
name = "openzeppelin_account"
version = "0.16.0"
source = "git+https://github.com/OpenZeppelin/cairo-contracts.git?tag=v0.16.0#ba00ce76a93dcf25c081ab2698da20690b5a1cfb"
dependencies = [
 "openzeppelin_introspection",
 "openzeppelin_utils",
]

[[package]]
name = "openzeppelin_governance"
version = "0.16.0"
source = "git+https://github.com/OpenZeppelin/cairo-contracts.git?tag=v0.16.0#ba00ce76a93dcf25c081ab2698da20690b5a1cfb"
dependencies = [
 "openzeppelin_access",
 "openzeppelin_introspection",
]

[[package]]
name = "openzeppelin_introspection"
version = "0.16.0"
source = "git+https://github.com/OpenZeppelin/cairo-contracts.git?tag=v0.16.0#ba00ce76a93dcf25c081ab2698da20690b5a1cfb"

[[package]]
name = "openzeppelin_merkle_tree"
version = "0.16.0"
source = "git+https://github.com/OpenZeppelin/cairo-contracts.git?tag=v0.16.0#ba00ce76a93dcf25c081ab2698da20690b5a1cfb"

[[package]]
name = "openzeppelin_presets"
version = "0.16.0"
source = "git+https://github.com/OpenZeppelin/cairo-contracts.git?tag=v0.16.0#ba00ce76a93dcf25c081ab2698da20690b5a1cfb"
dependencies = [
 "openzeppelin_access",
 "openzeppelin_account",
 "openzeppelin_introspection",
 "openzeppelin_token",
 "openzeppelin_upgrades",
]

[[package]]
name = "openzeppelin_security"
version = "0.16.0"
source = "git+https://github.com/OpenZeppelin/cairo-contracts.git?tag=v0.16.0#ba00ce76a93dcf25c081ab2698da20690b5a1cfb"

[[package]]
name = "openzeppelin_token"
version = "0.16.0"
source = "git+https://github.com/OpenZeppelin/cairo-contracts.git?tag=v0.16.0#ba00ce76a93dcf25c081ab2698da20690b5a1cfb"
dependencies = [
 "openzeppelin_account",
 "openzeppelin_governance",
 "openzeppelin_introspection",
]

[[package]]
name = "openzeppelin_upgrades"
version = "0.16.0"
source = "git+https://github.com/OpenZeppelin/cairo-contracts.git?tag=v0.16.0#ba00ce76a93dcf25c081ab2698da20690b5a1cfb"

[[package]]
name = "openzeppelin_utils"
version = "0.16.0"
source = "git+https://github.com/OpenZeppelin/cairo-contracts.git?tag=v0.16.0#ba00ce76a93dcf25c081ab2698da20690b5a1cfb"

[[package]]
name = "snforge_scarb_plugin"
version = "0.1.0"
source = "git+https://github.com/foundry-rs/starknet-foundry?tag=v0.29.0#d37d2272ca6c915117646de76cdf26ec06e44f61"

[[package]]
name = "snforge_std"
version = "0.29.0"
source = "git+https://github.com/foundry-rs/starknet-foundry?tag=v0.29.0#d37d2272ca6c915117646de76cdf26ec06e44f61"
dependencies = [
 "snforge_scarb_plugin",
]

[[package]]
name = "strategies"
version = "0.1.0"
dependencies = [
 "alexandria_math",
 "ekubo",
 "openzeppelin",
 "snforge_std",
]
